
Microsoft Visual Studio Solution File, Format Version 12.00
# Visual Studio Version 16
VisualStudioVersion = 16.0.30804.86
MinimumVisualStudioVersion = 10.0.40219.1
Project("{FAE04EC0-301F-11D3-BF4B-00C04F79EFBC}") = "SpotifyAdMuter", "SpotifyAdMuter\SpotifyAdMuter.csproj", "{EC370CE1-88C2-4186-BEAA-4D229DD873C8}"
EndProject
Global
	GlobalSection(SolutionConfigurationPlatforms) = preSolution
		Debug|Any CPU = Debug|Any CPU
		Release|Any CPU = Release|Any CPU
	EndGlobalSection
	GlobalSection(ProjectConfigurationPlatforms) = postSolution
		{EC370CE1-88C2-4186-BEAA-4D229DD873C8}.Debug|Any CPU.ActiveCfg = Debug|Any CPU
		{EC370CE1-88C2-4186-BEAA-4D229DD873C8}.Debug|Any CPU.Build.0 = Debug|Any CPU
		{EC370CE1-88C2-4186-BEAA-4D229DD873C8}.Release|Any CPU.ActiveCfg = Release|Any CPU
		{EC370CE1-88C2-4186-BEAA-4D229DD873C8}.Release|Any CPU.Build.0 = Release|Any CPU
	EndGlobalSection
	GlobalSection(SolutionProperties) = preSolution
		HideSolutionNode = FALSE
	EndGlobalSection
	GlobalSection(ExtensibilityGlobals) = postSolution
		SolutionGuid = {AFF83DD3-77B9-4CEE-9C17-6C64D3D692DA}
	EndGlobalSection
EndGlobal
