
Microsoft Visual Studio Solution File, Format Version 12.00
# Visual Studio Version 16
VisualStudioVersion = 16.0.30804.86
MinimumVisualStudioVersion = 10.0.40219.1
Project("{9A19103F-16F7-4668-BE54-9A1E7A4F7556}") = "SpotifyAdMuter", "SpotifyAdMuter\SpotifyAdMuter.csproj", "{EC370CE1-88C2-4186-BEAA-4D229DD873C8}"
EndProject
Project("{9A19103F-16F7-4668-BE54-9A1E7A4F7556}") = "Tests", "Tests\Tests.csproj", "{26A9BF46-7BAB-4997-9A8C-8416CFD897D4}"
EndProject
Project("{2150E333-8FDC-42A3-9474-1A3956D46DE8}") = "Solution Items", "Solution Items", "{4753E067-D69F-47A9-8CF7-2A6DA1C82FAF}"
	ProjectSection(SolutionItems) = preProject
		.editorconfig = .editorconfig
	EndProjectSection
EndProject
Global
	GlobalSection(SolutionConfigurationPlatforms) = preSolution
		Debug|Any CPU = Debug|Any CPU
		Release|Any CPU = Release|Any CPU
	EndGlobalSection
	GlobalSection(ProjectConfigurationPlatforms) = postSolution
		{EC370CE1-88C2-4186-BEAA-4D229DD873C8}.Debug|Any CPU.ActiveCfg = Debug|Any CPU
		{EC370CE1-88C2-4186-BEAA-4D229DD873C8}.Debug|Any CPU.Build.0 = Debug|Any CPU
		{EC370CE1-88C2-4186-BEAA-4D229DD873C8}.Release|Any CPU.ActiveCfg = Release|Any CPU
		{EC370CE1-88C2-4186-BEAA-4D229DD873C8}.Release|Any CPU.Build.0 = Release|Any CPU
		{26A9BF46-7BAB-4997-9A8C-8416CFD897D4}.Debug|Any CPU.ActiveCfg = Debug|Any CPU
		{26A9BF46-7BAB-4997-9A8C-8416CFD897D4}.Debug|Any CPU.Build.0 = Debug|Any CPU
		{26A9BF46-7BAB-4997-9A8C-8416CFD897D4}.Release|Any CPU.ActiveCfg = Release|Any CPU
		{26A9BF46-7BAB-4997-9A8C-8416CFD897D4}.Release|Any CPU.Build.0 = Release|Any CPU
	EndGlobalSection
	GlobalSection(SolutionProperties) = preSolution
		HideSolutionNode = FALSE
	EndGlobalSection
	GlobalSection(ExtensibilityGlobals) = postSolution
		SolutionGuid = {AFF83DD3-77B9-4CEE-9C17-6C64D3D692DA}
	EndGlobalSection
EndGlobal
